# The library commit whose plugin/hooks/ tree this plugin vendors.
# CI diffs plugin/hooks against that SHA byte for byte, with no transforms at all.
# There is no generated hooks.json here: Cursor reads its hook config from
# ~/.cursor/hooks.json rather than from a plugin manifest -- measured, a manifest hooks
# key did not fire -- so bin/install.py writes the entries and tools/generate.py is not
# used for this host.
repo=memvara/memvara
sha=f7e32effb4c20b68588a56e7b2a59f1b59b26602
path=plugin/hooks
host=cursor
